// !$*UTF8*$!
{
	archiveVersion = 1;
	classes = {
	};
	objectVersion = 50;
	objects = {

/* Begin PBXBuildFile section */
		59E5336023AF589E00643669 /* AppDelegate.swift in Sources */ = {isa = PBXBuildFile; fileRef = 59E5335F23AF589E00643669 /* AppDelegate.swift */; };
		59E5336223AF589E00643669 /* ViewController.swift in Sources */ = {isa = PBXBuildFile; fileRef = 59E5336123AF589E00643669 /* ViewController.swift */; };
		59E5336523AF589E00643669 /* Main.storyboard in Resources */ = {isa = PBXBuildFile; fileRef = 59E5336323AF589E00643669 /* Main.storyboard */; };
		59E5336723AF58A400643669 /* Assets.xcassets in Resources */ = {isa = PBXBuildFile; fileRef = 59E5336623AF58A400643669 /* Assets.xcassets */; };
		59E5336A23AF58A400643669 /* LaunchScreen.storyboard in Resources */ = {isa = PBXBuildFile; fileRef = 59E5336823AF58A400643669 /* LaunchScreen.storyboard */; };
		59E5337523AF58A500643669 /* tipmeTests.swift in Sources */ = {isa = PBXBuildFile; fileRef = 59E5337423AF58A500643669 /* tipmeTests.swift */; };
		59E5338023AF58A500643669 /* tipmeUITests.swift in Sources */ = {isa = PBXBuildFile; fileRef = 59E5337F23AF58A500643669 /* tipmeUITests.swift */; };
/* End PBXBuildFile section */

/* Begin PBXContainerItemProxy section */
		59E5337123AF58A500643669 /* PBXContainerItemProxy */ = {
			isa = PBXContainerItemProxy;
			containerPortal = 59E5335423AF589E00643669 /* Project object */;
			proxyType = 1;
			remoteGlobalIDString = 59E5335B23AF589E00643669;
			remoteInfo = tipme;
		};
		59E5337C23AF58A500643669 /* PBXContainerItemProxy */ = {
			isa = PBXContainerItemProxy;
			containerPortal = 59E5335423AF589E00643669 /* Project object */;
			proxyType = 1;
			remoteGlobalIDString = 59E5335B23AF589E00643669;
			remoteInfo = tipme;
		};
/* End PBXContainerItemProxy section */

/* Begin PBXFileReference section */
		59E5335C23AF589E00643669 /* tipme.app */ = {isa = PBXFileReference; explicitFileType = wrapper.application; includeInIndex = 0; path = tipme.app; sourceTree = BUILT_PRODUCTS_DIR; };
		59E5335F23AF589E00643669 /* AppDelegate.swift */ = {isa = PBXFileReference; lastKnownFileType = sourcecode.swift; path = AppDelegate.swift; sourceTree = "<group>"; };
		59E5336123AF589E00643669 /* ViewController.swift */ = {isa = PBXFileReference; lastKnownFileType = sourcecode.swift; path = ViewController.swift; sourceTree = "<group>"; };
		59E5336423AF589E00643669 /* Base */ = {isa = PBXFileReference; lastKnownFileType = file.storyboard; name = Base; path = Base.lproj/Main.storyboard; sourceTree = "<group>"; };
		59E5336623AF58A400643669 /* Assets.xcassets */ = {isa = PBXFileReference; lastKnownFileType = folder.assetcatalog; path = Assets.xcassets; sourceTree = "<group>"; };
		59E5336923AF58A400643669 /* Base */ = {isa = PBXFileReference; lastKnownFileType = file.storyboard; name = Base; path = Base.lproj/LaunchScreen.storyboard; sourceTree = "<group>"; };
		59E5336B23AF58A400643669 /* Info.plist */ = {isa = PBXFileReference; lastKnownFileType = text.plist.xml; path = Info.plist; sourceTree = "<group>"; };
		59E5337023AF58A500643669 /* tipmeTests.xctest */ = {isa = PBXFileReference; explicitFileType = wrapper.cfbundle; includeInIndex = 0; path = tipmeTests.xctest; sourceTree = BUILT_PRODUCTS_DIR; };
		59E5337423AF58A500643669 /* tipmeTests.swift */ = {isa = PBXFileReference; lastKnownFileType = sourcecode.swift; path = tipmeTests.swift; sourceTree = "<group>"; };
		59E5337623AF58A500643669 /* Info.plist */ = {isa = PBXFileReference; lastKnownFileType = text.plist.xml; path = Info.plist; sourceTree = "<group>"; };
		59E5337B23AF58A500643669 /* tipmeUITests.xctest */ = {isa = PBXFileReference; explicitFileType = wrapper.cfbundle; includeInIndex = 0; path = tipmeUITests.xctest; sourceTree = BUILT_PRODUCTS_DIR; };
		59E5337F23AF58A500643669 /* tipmeUITests.swift */ = {isa = PBXFileReference; lastKnownFileType = sourcecode.swift; path = tipmeUITests.swift; sourceTree = "<group>"; };
		59E5338123AF58A500643669 /* Info.plist */ = {isa = PBXFileReference; lastKnownFileType = text.plist.xml; path = Info.plist; sourceTree = "<group>"; };
/* End PBXFileReference section */

/* Begin PBXFrameworksBuildPhase section */
		59E5335923AF589E00643669 /* Frameworks */ = {
			isa = PBXFrameworksBuildPhase;
			buildActionMask = 2147483647;
			files = (
			);
			runOnlyForDeploymentPostprocessing = 0;
		};
		59E5336D23AF58A500643669 /* Frameworks */ = {
			isa = PBXFrameworksBuildPhase;
			buildActionMask = 2147483647;
			files = (
			);
			runOnlyForDeploymentPostprocessing = 0;
		};
		59E5337823AF58A500643669 /* Frameworks */ = {
			isa = PBXFrameworksBuildPhase;
			buildActionMask = 2147483647;
			files = (
			);
			runOnlyForDeploymentPostprocessing = 0;
		};
/* End PBXFrameworksBuildPhase section */

/* Begin PBXGroup section */
		59E5335323AF589E00643669 = {
			isa = PBXGroup;
			children = (
				59E5335E23AF589E00643669 /* tipme */,
				59E5337323AF58A500643669 /* tipmeTests */,
				59E5337E23AF58A500643669 /* tipmeUITests */,
				59E5335D23AF589E00643669 /* Products */,
			);
			sourceTree = "<group>";
		};
		59E5335D23AF589E00643669 /* Products */ = {
			isa = PBXGroup;
			children = (
				59E5335C23AF589E00643669 /* tipme.app */,
				59E5337023AF58A500643669 /* tipmeTests.xctest */,
				59E5337B23AF58A500643669 /* tipmeUITests.xctest */,
			);
			name = Products;
			sourceTree = "<group>";
		};
		59E5335E23AF589E00643669 /* tipme */ = {
			isa = PBXGroup;
			children = (
				59E5335F23AF589E00643669 /* AppDelegate.swift */,
				59E5336123AF589E00643669 /* ViewController.swift */,
				59E5336323AF589E00643669 /* Main.storyboard */,
				59E5336623AF58A400643669 /* Assets.xcassets */,
				59E5336823AF58A400643669 /* LaunchScreen.storyboard */,
				59E5336B23AF58A400643669 /* Info.plist */,
			);
			path = tipme;
			sourceTree = "<group>";
		};
		59E5337323AF58A500643669 /* tipmeTests */ = {
			isa = PBXGroup;
			children = (
				59E5337423AF58A500643669 /* tipmeTests.swift */,
				59E5337623AF58A500643669 /* Info.plist */,
			);
			path = tipmeTests;
			sourceTree = "<group>";
		};
		59E5337E23AF58A500643669 /* tipmeUITests */ = {
			isa = PBXGroup;
			children = (
				59E5337F23AF58A500643669 /* tipmeUITests.swift */,
				59E5338123AF58A500643669 /* Info.plist */,
			);
			path = tipmeUITests;
			sourceTree = "<group>";
		};
/* End PBXGroup section */

/* Begin PBXNativeTarget section */
		59E5335B23AF589E00643669 /* tipme */ = {
			isa = PBXNativeTarget;
			buildConfigurationList = 59E5338423AF58A500643669 /* Build configuration list for PBXNativeTarget "tipme" */;
			buildPhases = (
				59E5335823AF589E00643669 /* Sources */,
				59E5335923AF589E00643669 /* Frameworks */,
				59E5335A23AF589E00643669 /* Resources */,
			);
			buildRules = (
			);
			dependencies = (
			);
			name = tipme;
			productName = tipme;
			productReference = 59E5335C23AF589E00643669 /* tipme.app */;
			productType = "com.apple.product-type.application";
		};
		59E5336F23AF58A500643669 /* tipmeTests */ = {
			isa = PBXNativeTarget;
			buildConfigurationList = 59E5338723AF58A500643669 /* Build configuration list for PBXNativeTarget "tipmeTests" */;
			buildPhases = (
				59E5336C23AF58A500643669 /* Sources */,
				59E5336D23AF58A500643669 /* Frameworks */,
				59E5336E23AF58A500643669 /* Resources */,
			);
			buildRules = (
			);
			dependencies = (
				59E5337223AF58A500643669 /* PBXTargetDependency */,
			);
			name = tipmeTests;
			productName = tipmeTests;
			productReference = 59E5337023AF58A500643669 /* tipmeTests.xctest */;
			productType = "com.apple.product-type.bundle.unit-test";
		};
		59E5337A23AF58A500643669 /* tipmeUITests */ = {
			isa = PBXNativeTarget;
			buildConfigurationList = 59E5338A23AF58A500643669 /* Build configuration list for PBXNativeTarget "tipmeUITests" */;
			buildPhases = (
				59E5337723AF58A500643669 /* Sources */,
				59E5337823AF58A500643669 /* Frameworks */,
				59E5337923AF58A500643669 /* Resources */,
			);
			buildRules = (
			);
			dependencies = (
				59E5337D23AF58A500643669 /* PBXTargetDependency */,
			);
			name = tipmeUITests;
			productName = tipmeUITests;
			productReference = 59E5337B23AF58A500643669 /* tipmeUITests.xctest */;
			productType = "com.apple.product-type.bundle.ui-testing";
		};
/* End PBXNativeTarget section */

/* Begin PBXProject section */
		59E5335423AF589E00643669 /* Project object */ = {
			isa = PBXProject;
			attributes = {
				LastSwiftUpdateCheck = 1010;
				LastUpgradeCheck = 1010;
				ORGANIZATIONNAME = sjsu;
				TargetAttributes = {
					59E5335B23AF589E00643669 = {
						CreatedOnToolsVersion = 10.1;
					};
					59E5336F23AF58A500643669 = {
						CreatedOnToolsVersion = 10.1;
						TestTargetID = 59E5335B23AF589E00643669;
					};
					59E5337A23AF58A500643669 = {
						CreatedOnToolsVersion = 10.1;
						TestTargetID = 59E5335B23AF589E00643669;
					};
				};
			};
			buildConfigurationList = 59E5335723AF589E00643669 /* Build configuration list for PBXProject "tipme" */;
			compatibilityVersion = "Xcode 9.3";
			developmentRegion = en;
			hasScannedForEncodings = 0;
			knownRegions = (
				en,
				Base,
			);
			mainGroup = 59E5335323AF589E00643669;
			productRefGroup = 59E5335D23AF589E00643669 /* Products */;
			projectDirPath = "";
			projectRoot = "";
			targets = (
				59E5335B23AF589E00643669 /* tipme */,
				59E5336F23AF58A500643669 /* tipmeTests */,
				59E5337A23AF58A500643669 /* tipmeUITests */,
			);
		};
/* End PBXProject section */

/* Begin PBXResourcesBuildPhase section */
		59E5335A23AF589E00643669 /* Resources */ = {
			isa = PBXResourcesBuildPhase;
			buildActionMask = 2147483647;
			files = (
				59E5336A23AF58A400643669 /* LaunchScreen.storyboard in Resources */,
				59E5336723AF58A400643669 /* Assets.xcassets in Resources */,
				59E5336523AF589E00643669 /* Main.storyboard in Resources */,
			);
			runOnlyForDeploymentPostprocessing = 0;
		};
		59E5336E23AF58A500643669 /* Resources */ = {
			isa = PBXResourcesBuildPhase;
			buildActionMask = 2147483647;
			files = (
			);
			runOnlyForDeploymentPostprocessing = 0;
		};
		59E5337923AF58A500643669 /* Resources */ = {
			isa = PBXResourcesBuildPhase;
			buildActionMask = 2147483647;
			files = (
			);
			runOnlyForDeploymentPostprocessing = 0;
		};
/* End PBXResourcesBuildPhase section */

/* Begin PBXSourcesBuildPhase section */
		59E5335823AF589E00643669 /* Sources */ = {
			isa = PBXSourcesBuildPhase;
			buildActionMask = 2147483647;
			files = (
				59E5336223AF589E00643669 /* ViewController.swift in Sources */,
				59E5336023AF589E00643669 /* AppDelegate.swift in Sources */,
			);
			runOnlyForDeploymentPostprocessing = 0;
		};
		59E5336C23AF58A500643669 /* Sources */ = {
			isa = PBXSourcesBuildPhase;
			buildActionMask = 2147483647;
			files = (
				59E5337523AF58A500643669 /* tipmeTests.swift in Sources */,
			);
			runOnlyForDeploymentPostprocessing = 0;
		};
		59E5337723AF58A500643669 /* Sources */ = {
			isa = PBXSourcesBuildPhase;
			buildActionMask = 2147483647;
			files = (
				59E5338023AF58A500643669 /* tipmeUITests.swift in Sources */,
			);
			runOnlyForDeploymentPostprocessing = 0;
		};
/* End PBXSourcesBuildPhase section */

/* Begin PBXTargetDependency section */
		59E5337223AF58A500643669 /* PBXTargetDependency */ = {
			isa = PBXTargetDependency;
			target = 59E5335B23AF589E00643669 /* tipme */;
			targetProxy = 59E5337123AF58A500643669 /* PBXContainerItemProxy */;
		};
		59E5337D23AF58A500643669 /* PBXTargetDependency */ = {
			isa = PBXTargetDependency;
			target = 59E5335B23AF589E00643669 /* tipme */;
			targetProxy = 59E5337C23AF58A500643669 /* PBXContainerItemProxy */;
		};
/* End PBXTargetDependency section */

/* Begin PBXVariantGroup section */
		59E5336323AF589E00643669 /* Main.storyboard */ = {
			isa = PBXVariantGroup;
			children = (
				59E5336423AF589E00643669 /* Base */,
			);
			name = Main.storyboard;
			sourceTree = "<group>";
		};
		59E5336823AF58A400643669 /* LaunchScreen.storyboard */ = {
			isa = PBXVariantGroup;
			children = (
				59E5336923AF58A400643669 /* Base */,
			);
			name = LaunchScreen.storyboard;
			sourceTree = "<group>";
		};
/* End PBXVariantGroup section */

/* Begin XCBuildConfiguration section */
		59E5338223AF58A500643669 /* Debug */ = {
			isa = XCBuildConfiguration;
			buildSettings = {
				ALWAYS_SEARCH_USER_PATHS = NO;
				CLANG_ANALYZER_NONNULL = YES;
				CLANG_ANALYZER_NUMBER_OBJECT_CONVERSION = YES_AGGRESSIVE;
				CLANG_CXX_LANGUAGE_STANDARD = "gnu++14";
				CLANG_CXX_LIBRARY = "libc++";
				CLANG_ENABLE_MODULES = YES;
				CLANG_ENABLE_OBJC_ARC = YES;
				CLANG_ENABLE_OBJC_WEAK = YES;
				CLANG_WARN_BLOCK_CAPTURE_AUTORELEASING = YES;
				CLANG_WARN_BOOL_CONVERSION = YES;
				CLANG_WARN_COMMA = YES;
				CLANG_WARN_CONSTANT_CONVERSION = YES;
				CLANG_WARN_DEPRECATED_OBJC_IMPLEMENTATIONS = YES;
				CLANG_WARN_DIRECT_OBJC_ISA_USAGE = YES_ERROR;
				CLANG_WARN_DOCUMENTATION_COMMENTS = YES;
				CLANG_WARN_EMPTY_BODY = YES;
				CLANG_WARN_ENUM_CONVERSION = YES;
				CLANG_WARN_INFINITE_RECURSION = YES;
				CLANG_WARN_INT_CONVERSION = YES;
				CLANG_WARN_NON_LITERAL_NULL_CONVERSION = YES;
				CLANG_WARN_OBJC_IMPLICIT_RETAIN_SELF = YES;
				CLANG_WARN_OBJC_LITERAL_CONVERSION = YES;
				CLANG_WARN_OBJC_ROOT_CLASS = YES_ERROR;
				CLANG_WARN_RANGE_LOOP_ANALYSIS = YES;
				CLANG_WARN_STRICT_PROTOTYPES = YES;
				CLANG_WARN_SUSPICIOUS_MOVE = YES;
				CLANG_WARN_UNGUARDED_AVAILABILITY = YES_AGGRESSIVE;
				CLANG_WARN_UNREACHABLE_CODE = YES;
				CLANG_WARN__DUPLICATE_METHOD_MATCH = YES;
				CODE_SIGN_IDENTITY = "iPhone Developer";
				COPY_PHASE_STRIP = NO;
				DEBUG_INFORMATION_FORMAT = dwarf;
				ENABLE_STRICT_OBJC_MSGSEND = YES;
				ENABLE_TESTABILITY = YES;
				GCC_C_LANGUAGE_STANDARD = gnu11;
				GCC_DYNAMIC_NO_PIC = NO;
				GCC_NO_COMMON_BLOCKS = YES;
				GCC_OPTIMIZATION_LEVEL = 0;
				GCC_PREPROCESSOR_DEFINITIONS = (
					"DEBUG=1",
					"$(inherited)",
				);
				GCC_WARN_64_TO_32_BIT_CONVERSION = YES;
				GCC_WARN_ABOUT_RETURN_TYPE = YES_ERROR;
				GCC_WARN_UNDECLARED_SELECTOR = YES;
				GCC_WARN_UNINITIALIZED_AUTOS = YES_AGGRESSIVE;
				GCC_WARN_UNUSED_FUNCTION = YES;
				GCC_WARN_UNUSED_VARIABLE = YES;
				IPHONEOS_DEPLOYMENT_TARGET = 12.1;
				MTL_ENABLE_DEBUG_INFO = INCLUDE_SOURCE;
				MTL_FAST_MATH = YES;
				ONLY_ACTIVE_ARCH = YES;
				SDKROOT = iphoneos;
				SWIFT_ACTIVE_COMPILATION_CONDITIONS = DEBUG;
				SWIFT_OPTIMIZATION_LEVEL = "-Onone";
			};
			name = Debug;
		};
		59E5338323AF58A500643669 /* Release */ = {
			isa = XCBuildConfiguration;
			buildSettings = {
				ALWAYS_SEARCH_USER_PATHS = NO;
				CLANG_ANALYZER_NONNULL = YES;
				CLANG_ANALYZER_NUMBER_OBJECT_CONVERSION = YES_AGGRESSIVE;
				CLANG_CXX_LANGUAGE_STANDARD = "gnu++14";
				CLANG_CXX_LIBRARY = "libc++";
				CLANG_ENABLE_MODULES = YES;
				CLANG_ENABLE_OBJC_ARC = YES;
				CLANG_ENABLE_OBJC_WEAK = YES;
				CLANG_WARN_BLOCK_CAPTURE_AUTORELEASING = YES;
				CLANG_WARN_BOOL_CONVERSION = YES;
				CLANG_WARN_COMMA = YES;
				CLANG_WARN_CONSTANT_CONVERSION = YES;
				CLANG_WARN_DEPRECATED_OBJC_IMPLEMENTATIONS = YES;
				CLANG_WARN_DIRECT_OBJC_ISA_USAGE = YES_ERROR;
				CLANG_WARN_DOCUMENTATION_COMMENTS = YES;
				CLANG_WARN_EMPTY_BODY = YES;
				CLANG_WARN_ENUM_CONVERSION = YES;
				CLANG_WARN_INFINITE_RECURSION = YES;
				CLANG_WARN_INT_CONVERSION = YES;
				CLANG_WARN_NON_LITERAL_NULL_CONVERSION = YES;
				CLANG_WARN_OBJC_IMPLICIT_RETAIN_SELF = YES;
				CLANG_WARN_OBJC_LITERAL_CONVERSION = YES;
				CLANG_WARN_OBJC_ROOT_CLASS = YES_ERROR;
				CLANG_WARN_RANGE_LOOP_ANALYSIS = YES;
				CLANG_WARN_STRICT_PROTOTYPES = YES;
				CLANG_WARN_SUSPICIOUS_MOVE = YES;
				CLANG_WARN_UNGUARDED_AVAILABILITY = YES_AGGRESSIVE;
				CLANG_WARN_UNREACHABLE_CODE = YES;
				CLANG_WARN__DUPLICATE_METHOD_MATCH = YES;
				CODE_SIGN_IDENTITY = "iPhone Developer";
				COPY_PHASE_STRIP = NO;
				DEBUG_INFORMATION_FORMAT = "dwarf-with-dsym";
				ENABLE_NS_ASSERTIONS = NO;
				ENABLE_STRICT_OBJC_MSGSEND = YES;
				GCC_C_LANGUAGE_STANDARD = gnu11;
				GCC_NO_COMMON_BLOCKS = YES;
				GCC_WARN_64_TO_32_BIT_CONVERSION = YES;
				GCC_WARN_ABOUT_RETURN_TYPE = YES_ERROR;
				GCC_WARN_UNDECLARED_SELECTOR = YES;
				GCC_WARN_UNINITIALIZED_AUTOS = YES_AGGRESSIVE;
				GCC_WARN_UNUSED_FUNCTION = YES;
				GCC_WARN_UNUSED_VARIABLE = YES;
				IPHONEOS_DEPLOYMENT_TARGET = 12.1;
				MTL_ENABLE_DEBUG_INFO = NO;
				MTL_FAST_MATH = YES;
				SDKROOT = iphoneos;
				SWIFT_COMPILATION_MODE = wholemodule;
				SWIFT_OPTIMIZATION_LEVEL = "-O";
				VALIDATE_PRODUCT = YES;
			};
			name = Release;
		};
		59E5338523AF58A500643669 /* Debug */ = {
			isa = XCBuildConfiguration;
			buildSettings = {
				ASSETCATALOG_COMPILER_APPICON_NAME = AppIcon;
				CODE_SIGN_STYLE = Automatic;
				INFOPLIST_FILE = tipme/Info.plist;
				LD_RUNPATH_SEARCH_PATHS = (
					"$(inherited)",
					"@executable_path/Frameworks",
				);
				PRODUCT_BUNDLE_IDENTIFIER = edu.sjsu.tipme;
				PRODUCT_NAME = "$(TARGET_NAME)";
				SWIFT_VERSION = 4.2;
				TARGETED_DEVICE_FAMILY = "1,2";
			};
			name = Debug;
		};
		59E5338623AF58A500643669 /* Release */ = {
			isa = XCBuildConfiguration;
			buildSettings = {
				ASSETCATALOG_COMPILER_APPICON_NAME = AppIcon;
				CODE_SIGN_STYLE = Automatic;
				INFOPLIST_FILE = tipme/Info.plist;
				LD_RUNPATH_SEARCH_PATHS = (
					"$(inherited)",
					"@executable_path/Frameworks",
				);
				PRODUCT_BUNDLE_IDENTIFIER = edu.sjsu.tipme;
				PRODUCT_NAME = "$(TARGET_NAME)";
				SWIFT_VERSION = 4.2;
				TARGETED_DEVICE_FAMILY = "1,2";
			};
			name = Release;
		};
		59E5338823AF58A500643669 /* Debug */ = {
			isa = XCBuildConfiguration;
			buildSettings = {
				ALWAYS_EMBED_SWIFT_STANDARD_LIBRARIES = YES;
				BUNDLE_LOADER = "$(TEST_HOST)";
				CODE_SIGN_STYLE = Automatic;
				INFOPLIST_FILE = tipmeTests/Info.plist;
				LD_RUNPATH_SEARCH_PATHS = (
					"$(inherited)",
					"@executable_path/Frameworks",
					"@loader_path/Frameworks",
				);
				PRODUCT_BUNDLE_IDENTIFIER = edu.sjsu.tipmeTests;
				PRODUCT_NAME = "$(TARGET_NAME)";
				SWIFT_VERSION = 4.2;
				TARGETED_DEVICE_FAMILY = "1,2";
				TEST_HOST = "$(BUILT_PRODUCTS_DIR)/tipme.app/tipme";
			};
			name = Debug;
		};
		59E5338923AF58A500643669 /* Release */ = {
			isa = XCBuildConfiguration;
			buildSettings = {
				ALWAYS_EMBED_SWIFT_STANDARD_LIBRARIES = YES;
				BUNDLE_LOADER = "$(TEST_HOST)";
				CODE_SIGN_STYLE = Automatic;
				INFOPLIST_FILE = tipmeTests/Info.plist;
				LD_RUNPATH_SEARCH_PATHS = (
					"$(inherited)",
					"@executable_path/Frameworks",
					"@loader_path/Frameworks",
				);
				PRODUCT_BUNDLE_IDENTIFIER = edu.sjsu.tipmeTests;
				PRODUCT_NAME = "$(TARGET_NAME)";
				SWIFT_VERSION = 4.2;
				TARGETED_DEVICE_FAMILY = "1,2";
				TEST_HOST = "$(BUILT_PRODUCTS_DIR)/tipme.app/tipme";
			};
			name = Release;
		};
		59E5338B23AF58A500643669 /* Debug */ = {
			isa = XCBuildConfiguration;
			buildSettings = {
				ALWAYS_EMBED_SWIFT_STANDARD_LIBRARIES = YES;
				CODE_SIGN_STYLE = Automatic;
				INFOPLIST_FILE = tipmeUITests/Info.plist;
				LD_RUNPATH_SEARCH_PATHS = (
					"$(inherited)",
					"@executable_path/Frameworks",
					"@loader_path/Frameworks",
				);
				PRODUCT_BUNDLE_IDENTIFIER = edu.sjsu.tipmeUITests;
				PRODUCT_NAME = "$(TARGET_NAME)";
				SWIFT_VERSION = 4.2;
				TARGETED_DEVICE_FAMILY = "1,2";
				TEST_TARGET_NAME = tipme;
			};
			name = Debug;
		};
		59E5338C23AF58A500643669 /* Release */ = {
			isa = XCBuildConfiguration;
			buildSettings = {
				ALWAYS_EMBED_SWIFT_STANDARD_LIBRARIES = YES;
				CODE_SIGN_STYLE = Automatic;
				INFOPLIST_FILE = tipmeUITests/Info.plist;
				LD_RUNPATH_SEARCH_PATHS = (
					"$(inherited)",
					"@executable_path/Frameworks",
					"@loader_path/Frameworks",
				);
				PRODUCT_BUNDLE_IDENTIFIER = edu.sjsu.tipmeUITests;
				PRODUCT_NAME = "$(TARGET_NAME)";
				SWIFT_VERSION = 4.2;
				TARGETED_DEVICE_FAMILY = "1,2";
				TEST_TARGET_NAME = tipme;
			};
			name = Release;
		};
/* End XCBuildConfiguration section */

/* Begin XCConfigurationList section */
		59E5335723AF589E00643669 /* Build configuration list for PBXProject "tipme" */ = {
			isa = XCConfigurationList;
			buildConfigurations = (
				59E5338223AF58A500643669 /* Debug */,
				59E5338323AF58A500643669 /* Release */,
			);
			defaultConfigurationIsVisible = 0;
			defaultConfigurationName = Release;
		};
		59E5338423AF58A500643669 /* Build configuration list for PBXNativeTarget "tipme" */ = {
			isa = XCConfigurationList;
			buildConfigurations = (
				59E5338523AF58A500643669 /* Debug */,
				59E5338623AF58A500643669 /* Release */,
			);
			defaultConfigurationIsVisible = 0;
			defaultConfigurationName = Release;
		};
		59E5338723AF58A500643669 /* Build configuration list for PBXNativeTarget "tipmeTests" */ = {
			isa = XCConfigurationList;
			buildConfigurations = (
				59E5338823AF58A500643669 /* Debug */,
				59E5338923AF58A500643669 /* Release */,
			);
			defaultConfigurationIsVisible = 0;
			defaultConfigurationName = Release;
		};
		59E5338A23AF58A500643669 /* Build configuration list for PBXNativeTarget "tipmeUITests" */ = {
			isa = XCConfigurationList;
			buildConfigurations = (
				59E5338B23AF58A500643669 /* Debug */,
				59E5338C23AF58A500643669 /* Release */,
			);
			defaultConfigurationIsVisible = 0;
			defaultConfigurationName = Release;
		};
/* End XCConfigurationList section */
	};
	rootObject = 59E5335423AF589E00643669 /* Project object */;
}
